version = 1
revision = 3
requires-python = ">=3.12"

[[package]]
name = "sqlglot"
version = "30.17.0"
source = { registry = "https://pypi.org/simple" }
sdist = { url = "https://files.pythonhosted.org/packages/56/d4/da49abcc81beebbb25f29ddf87f2980c63c949569d7f2da40c06d95fa415/sqlglot-30.17.0.tar.gz", hash = "sha256:2d6b8def93304fa300f4d20f48e3909e7f436fda56ca1fafd8975f6c561ef62c", size = 5999019, upload-time = "2026-08-12T19:36:50.587Z" }
wheels = [
    { url = "https://files.pythonhosted.org/packages/f3/bc/2a07cef49046e6cf5d1a8b1de553aaef8491b4170dbfe254c8687c764408/sqlglot-30.17.0-py3-none-any.whl", hash = "sha256:84435ac283a60173da31b5fd7d11a725037a1c3fd6ed1e21fb065de74ddb579f", size = 741795, upload-time = "2026-08-12T19:36:48.699Z" },
]

[[package]]
name = "sqlglot-experiments"
version = "0.1.0"
source = { editable = "." }
dependencies = [
    { name = "sqlglot" },
]

[package.metadata]
requires-dist = [{ name = "sqlglot", specifier = ">=30.17.0" }]
